
Microsoft Visual Studio Solution File, Format Version 12.00
# Visual Studio Version 17
VisualStudioVersion = 17.13.35806.99
MinimumVisualStudioVersion = 10.0.40219.1
Project("{FAE04EC0-301F-11D3-BF4B-00C04F79EFBC}") = "WindowsFormsApp1", "WindowsFormsApp1\WindowsFormsApp1.csproj", "{5D4C3B39-83EA-4075-8B37-3E9A56273896}"
EndProject
Project("{2150E333-8FDC-42A3-9474-1A3956D46DE8}") = "Çözüm Öğeleri", "Çözüm Öğeleri", "{AC80F682-3D55-C8F8-4895-A4A9EDD49434}"
EndProject
Global
	GlobalSection(SolutionConfigurationPlatforms) = preSolution
		Debug|Any CPU = Debug|Any CPU
		Release|Any CPU = Release|Any CPU
	EndGlobalSection
	GlobalSection(ProjectConfigurationPlatforms) = postSolution
		{5D4C3B39-83EA-4075-8B37-3E9A56273896}.Debug|Any CPU.ActiveCfg = Debug|Any CPU
		{5D4C3B39-83EA-4075-8B37-3E9A56273896}.Debug|Any CPU.Build.0 = Debug|Any CPU
		{5D4C3B39-83EA-4075-8B37-3E9A56273896}.Release|Any CPU.ActiveCfg = Release|Any CPU
		{5D4C3B39-83EA-4075-8B37-3E9A56273896}.Release|Any CPU.Build.0 = Release|Any CPU
	EndGlobalSection
	GlobalSection(SolutionProperties) = preSolution
		HideSolutionNode = FALSE
	EndGlobalSection
	GlobalSection(ExtensibilityGlobals) = postSolution
		SolutionGuid = {E6E9C969-5AC7-4804-9AA1-63A4420CD8A6}
	EndGlobalSection
EndGlobal
